
Microsoft Visual Studio Solution File, Format Version 12.00
# Visual Studio Version 17
VisualStudioVersion = 17.4.33205.214
MinimumVisualStudioVersion = 10.0.40219.1
Project("{FAE04EC0-301F-11D3-BF4B-00C04F79EFBC}") = "TechnicShop.MVCUI", "TechnicShop.MVCUI\TechnicShop.MVCUI.csproj", "{817D14E5-FAA3-45D2-9963-8F9A27232B4A}"
EndProject
Project("{FAE04EC0-301F-11D3-BF4B-00C04F79EFBC}") = "TechnicShop.Model", "TechnicShop.Model\TechnicShop.Model.csproj", "{F0E1E578-C1DA-456C-81D1-00C6E7D26DD2}"
EndProject
Project("{FAE04EC0-301F-11D3-BF4B-00C04F79EFBC}") = "TechnicShop.DataAccess", "TechnicShop.DataAccess\TechnicShop.DataAccess.csproj", "{CCF4DC1F-C3A1-4FBA-8B02-98C299F0B2CC}"
EndProject
Project("{FAE04EC0-301F-11D3-BF4B-00C04F79EFBC}") = "TechnicShop.Bussiness", "TechnicShop.Bussiness\TechnicShop.Bussiness.csproj", "{879C6E4B-ED1D-44A5-A177-FB46968A8E5F}"
EndProject
Project("{FAE04EC0-301F-11D3-BF4B-00C04F79EFBC}") = "Infrastructure", "Infrastructure\Infrastructure.csproj", "{5CA6BF36-2C55-4F16-AC9D-E9CEE4515C41}"
EndProject
Global
	GlobalSection(SolutionConfigurationPlatforms) = preSolution
		Debug|Any CPU = Debug|Any CPU
		Release|Any CPU = Release|Any CPU
	EndGlobalSection
	GlobalSection(ProjectConfigurationPlatforms) = postSolution
		{817D14E5-FAA3-45D2-9963-8F9A27232B4A}.Debug|Any CPU.ActiveCfg = Debug|Any CPU
		{817D14E5-FAA3-45D2-9963-8F9A27232B4A}.Debug|Any CPU.Build.0 = Debug|Any CPU
		{817D14E5-FAA3-45D2-9963-8F9A27232B4A}.Release|Any CPU.ActiveCfg = Release|Any CPU
		{817D14E5-FAA3-45D2-9963-8F9A27232B4A}.Release|Any CPU.Build.0 = Release|Any CPU
		{F0E1E578-C1DA-456C-81D1-00C6E7D26DD2}.Debug|Any CPU.ActiveCfg = Debug|Any CPU
		{F0E1E578-C1DA-456C-81D1-00C6E7D26DD2}.Debug|Any CPU.Build.0 = Debug|Any CPU
		{F0E1E578-C1DA-456C-81D1-00C6E7D26DD2}.Release|Any CPU.ActiveCfg = Release|Any CPU
		{F0E1E578-C1DA-456C-81D1-00C6E7D26DD2}.Release|Any CPU.Build.0 = Release|Any CPU
		{CCF4DC1F-C3A1-4FBA-8B02-98C299F0B2CC}.Debug|Any CPU.ActiveCfg = Debug|Any CPU
		{CCF4DC1F-C3A1-4FBA-8B02-98C299F0B2CC}.Debug|Any CPU.Build.0 = Debug|Any CPU
		{CCF4DC1F-C3A1-4FBA-8B02-98C299F0B2CC}.Release|Any CPU.ActiveCfg = Release|Any CPU
		{CCF4DC1F-C3A1-4FBA-8B02-98C299F0B2CC}.Release|Any CPU.Build.0 = Release|Any CPU
		{879C6E4B-ED1D-44A5-A177-FB46968A8E5F}.Debug|Any CPU.ActiveCfg = Debug|Any CPU
		{879C6E4B-ED1D-44A5-A177-FB46968A8E5F}.Debug|Any CPU.Build.0 = Debug|Any CPU
		{879C6E4B-ED1D-44A5-A177-FB46968A8E5F}.Release|Any CPU.ActiveCfg = Release|Any CPU
		{879C6E4B-ED1D-44A5-A177-FB46968A8E5F}.Release|Any CPU.Build.0 = Release|Any CPU
		{5CA6BF36-2C55-4F16-AC9D-E9CEE4515C41}.Debug|Any CPU.ActiveCfg = Debug|Any CPU
		{5CA6BF36-2C55-4F16-AC9D-E9CEE4515C41}.Debug|Any CPU.Build.0 = Debug|Any CPU
		{5CA6BF36-2C55-4F16-AC9D-E9CEE4515C41}.Release|Any CPU.ActiveCfg = Release|Any CPU
		{5CA6BF36-2C55-4F16-AC9D-E9CEE4515C41}.Release|Any CPU.Build.0 = Release|Any CPU
	EndGlobalSection
	GlobalSection(SolutionProperties) = preSolution
		HideSolutionNode = FALSE
	EndGlobalSection
	GlobalSection(ExtensibilityGlobals) = postSolution
		SolutionGuid = {ADCD5A96-DD69-4861-8333-E0B1BEE6E7D9}
	EndGlobalSection
EndGlobal
